
Microsoft Visual Studio Solution File, Format Version 12.00
# Visual Studio Version 16
VisualStudioVersion = 16.0.30204.135
MinimumVisualStudioVersion = 10.0.40219.1
Project("{FAE04EC0-301F-11D3-BF4B-00C04F79EFBC}") = "ChattingPlatform", "ChattingPlatform\ChattingPlatform.csproj", "{0D9ED189-E7A8-4B3A-BD97-3E0B016E0F2F}"
EndProject
Global
	GlobalSection(SolutionConfigurationPlatforms) = preSolution
		Debug|Any CPU = Debug|Any CPU
		Release|Any CPU = Release|Any CPU
	EndGlobalSection
	GlobalSection(ProjectConfigurationPlatforms) = postSolution
		{0D9ED189-E7A8-4B3A-BD97-3E0B016E0F2F}.Debug|Any CPU.ActiveCfg = Debug|Any CPU
		{0D9ED189-E7A8-4B3A-BD97-3E0B016E0F2F}.Debug|Any CPU.Build.0 = Debug|Any CPU
		{0D9ED189-E7A8-4B3A-BD97-3E0B016E0F2F}.Release|Any CPU.ActiveCfg = Release|Any CPU
		{0D9ED189-E7A8-4B3A-BD97-3E0B016E0F2F}.Release|Any CPU.Build.0 = Release|Any CPU
	EndGlobalSection
	GlobalSection(SolutionProperties) = preSolution
		HideSolutionNode = FALSE
	EndGlobalSection
	GlobalSection(ExtensibilityGlobals) = postSolution
		SolutionGuid = {238874B1-9D05-430D-B3A9-B3B160756737}
	EndGlobalSection
EndGlobal
